<?xml version="1.0" encoding="utf-8"?>
<Project ToolsVersion="4.0" xmlns="http://schemas.microsoft.com/developer/msbuild/2003">
  <ItemGroup>
    <Filter Include="Source Files">
      <UniqueIdentifier>{4FC737F1-C7A5-4376-A066-2A32D752A2FF}</UniqueIdentifier>
      <Extensions>cpp;c;cc;cxx;def;odl;idl;hpj;bat;asm;asmx</Extensions>
    </Filter>
    <Filter Include="Header Files">
      <UniqueIdentifier>{93995380-89BD-4b04-88EB-625FBE52EBFB}</UniqueIdentifier>
      <Extensions>h;hh;hpp;hxx;hm;inl;inc;xsd</Extensions>
    </Filter>
    <Filter Include="Resource Files">
      <UniqueIdentifier>{67DA6AB6-F800-4c08-8B7A-83BB121AAD01}</UniqueIdentifier>
      <Extensions>rc;ico;cur;bmp;dlg;rc2;rct;bin;rgs;gif;jpg;jpeg;jpe;resx;tiff;tif;png;wav;mfcribbon-ms</Extensions>
    </Filter>
    <Filter Include="Test Files">
      <UniqueIdentifier>{9d60af80-9b3f-4d81-9f42-b3df73d33ff2}</UniqueIdentifier>
    </Filter>
  </ItemGroup>
  <ItemGroup>
    <ClCompile Include="..\driver\main.cpp">
      <Filter>Source Files</Filter>
    </ClCompile>
    <ClCompile Include="..\tests\atomicset\atomicsettest.cpp">
      <Filter>Test Files</Filter>
    </ClCompile>
    <ClCompile Include="..\tests\bitstream\bitstreamtest.cpp">
      <Filter>Test Files</Filter>
    </ClCompile>
    <ClCompile Include="..\tests\jobqueue\jobqueuetest.cpp">
      <Filter>Test Files</Filter>
    </ClCompile>
    <ClCompile Include="..\tests\varnum\varnumtest.cpp">
      <Filter>Test Files</Filter>
    </ClCompile>
  </ItemGroup>
  <ItemGroup>
    <ClInclude Include="..\include\data\blocks.h">
      <Filter>Header Files</Filter>
    </ClInclude>
    <ClInclude Include="..\include\client\client.h">
      <Filter>Header Files</Filter>
    </ClInclude>
    <ClInclude Include="..\include\client\clientevents.h">
      <Filter>Header Files</Filter>
    </ClInclude>
    <ClInclude Include="..\include\data\datatypes.h">
      <Filter>Header Files</Filter>
    </ClInclude>
    <ClInclude Include="..\include\data\entity\entities.h">
      <Filter>Header Files</Filter>
    </ClInclude>
    <ClInclude Include="..\include\server\eventhandler.h">
      <Filter>Header Files</Filter>
    </ClInclude>
    <ClInclude Include="..\include\server\networkhandler.h">
      <Filter>Header Files</Filter>
    </ClInclude>
    <ClInclude Include="..\include\server\server.h">
      <Filter>Header Files</Filter>
    </ClInclude>
    <ClInclude Include="..\include\server\serverevents.h">
      <Filter>Header Files</Filter>
    </ClInclude>
    <ClInclude Include="..\include\data\biomes.h">
      <Filter>Header Files</Filter>
    </ClInclude>
    <ClInclude Include="..\include\data\entity\blockentities.h">
      <Filter>Header Files</Filter>
    </ClInclude>
    <ClInclude Include="..\include\debug.h">
      <Filter>Header Files</Filter>
    </ClInclude>
    <ClInclude Include="..\include\deprecated.h">
      <Filter>Header Files</Filter>
    </ClInclude>
    <ClInclude Include="..\include\data\networkpackets.h">
      <Filter>Header Files</Filter>
    </ClInclude>
    <ClInclude Include="..\tests\atomicset\atomicsettest.h">
      <Filter>Test Files</Filter>
    </ClInclude>
    <ClInclude Include="..\tests\bitstream\bitstreamtest.h">
      <Filter>Test Files</Filter>
    </ClInclude>
    <ClInclude Include="..\tests\jobqueue\jobqueuetest.h">
      <Filter>Test Files</Filter>
    </ClInclude>
    <ClInclude Include="..\tests\varnum\varnumtest.h">
      <Filter>Test Files</Filter>
    </ClInclude>
    <ClInclude Include="..\include\data\atomicset.h">
      <Filter>Header Files</Filter>
    </ClInclude>
  </ItemGroup>
</Project>