
Microsoft Visual Studio Solution File, Format Version 12.00
# Visual Studio Version 16
VisualStudioVersion = 16.0.30717.126
MinimumVisualStudioVersion = 10.0.40219.1
Project("{8BC9CEB8-8B4A-11D0-8D11-00A0C91BC942}") = "Minecraft Server", "Minecraft Server.vcxproj", "{4552F817-82D6-4AEB-9ACF-3CBAAA4A216F}"
	ProjectSection(ProjectDependencies) = postProject
		{4D00D6F9-C15D-49FD-897E-D28071B5B020} = {4D00D6F9-C15D-49FD-897E-D28071B5B020}
	EndProjectSection
EndProject
Project("{2150E333-8FDC-42A3-9474-1A3956D46DE8}") = "Solution Items", "Solution Items", "{A64532A8-4DA2-4E58-98E4-3CB0B2C7F74F}"
EndProject
Project("{8BC9CEB8-8B4A-11D0-8D11-00A0C91BC942}") = "Bare Bones Minecraft Server", "Bare-Bones-Minecraft-Server\Bare Bones Minecraft Server.vcxproj", "{4D00D6F9-C15D-49FD-897E-D28071B5B020}"
EndProject
Project("{8BC9CEB8-8B4A-11D0-8D11-00A0C91BC942}") = "zlib", "zlib\zlib.vcxproj", "{5A4ACDA7-A031-46F8-9235-C46063E35D53}"
EndProject
Project("{8BC9CEB8-8B4A-11D0-8D11-00A0C91BC942}") = "LibNBT++", "LibNBT++\LibNBT++.vcxproj", "{4C2D247D-E100-4F2C-A2F8-8472C109E815}"
EndProject
Global
	GlobalSection(SolutionConfigurationPlatforms) = preSolution
		Debug|Any CPU = Debug|Any CPU
		Debug|Mixed Platforms = Debug|Mixed Platforms
		Debug|Win32 = Debug|Win32
		Debug|x64 = Debug|x64
		Release|Any CPU = Release|Any CPU
		Release|Mixed Platforms = Release|Mixed Platforms
		Release|Win32 = Release|Win32
		Release|x64 = Release|x64
	EndGlobalSection
	GlobalSection(ProjectConfigurationPlatforms) = postSolution
		{4552F817-82D6-4AEB-9ACF-3CBAAA4A216F}.Debug|Any CPU.ActiveCfg = Debug|Win32
		{4552F817-82D6-4AEB-9ACF-3CBAAA4A216F}.Debug|Mixed Platforms.ActiveCfg = Debug|Win32
		{4552F817-82D6-4AEB-9ACF-3CBAAA4A216F}.Debug|Mixed Platforms.Build.0 = Debug|Win32
		{4552F817-82D6-4AEB-9ACF-3CBAAA4A216F}.Debug|Win32.ActiveCfg = Debug|Win32
		{4552F817-82D6-4AEB-9ACF-3CBAAA4A216F}.Debug|Win32.Build.0 = Debug|Win32
		{4552F817-82D6-4AEB-9ACF-3CBAAA4A216F}.Debug|x64.ActiveCfg = Debug|Win32
		{4552F817-82D6-4AEB-9ACF-3CBAAA4A216F}.Release|Any CPU.ActiveCfg = Release|Win32
		{4552F817-82D6-4AEB-9ACF-3CBAAA4A216F}.Release|Mixed Platforms.ActiveCfg = Release|Win32
		{4552F817-82D6-4AEB-9ACF-3CBAAA4A216F}.Release|Mixed Platforms.Build.0 = Release|Win32
		{4552F817-82D6-4AEB-9ACF-3CBAAA4A216F}.Release|Win32.ActiveCfg = Release|Win32
		{4552F817-82D6-4AEB-9ACF-3CBAAA4A216F}.Release|Win32.Build.0 = Release|Win32
		{4552F817-82D6-4AEB-9ACF-3CBAAA4A216F}.Release|x64.ActiveCfg = Release|Win32
		{4D00D6F9-C15D-49FD-897E-D28071B5B020}.Debug|Any CPU.ActiveCfg = Debug|Win32
		{4D00D6F9-C15D-49FD-897E-D28071B5B020}.Debug|Mixed Platforms.ActiveCfg = Debug|Win32
		{4D00D6F9-C15D-49FD-897E-D28071B5B020}.Debug|Mixed Platforms.Build.0 = Debug|Win32
		{4D00D6F9-C15D-49FD-897E-D28071B5B020}.Debug|Win32.ActiveCfg = Debug|Win32
		{4D00D6F9-C15D-49FD-897E-D28071B5B020}.Debug|Win32.Build.0 = Debug|Win32
		{4D00D6F9-C15D-49FD-897E-D28071B5B020}.Debug|x64.ActiveCfg = Debug|x64
		{4D00D6F9-C15D-49FD-897E-D28071B5B020}.Debug|x64.Build.0 = Debug|x64
		{4D00D6F9-C15D-49FD-897E-D28071B5B020}.Release|Any CPU.ActiveCfg = Release|Win32
		{4D00D6F9-C15D-49FD-897E-D28071B5B020}.Release|Mixed Platforms.ActiveCfg = Release|Win32
		{4D00D6F9-C15D-49FD-897E-D28071B5B020}.Release|Mixed Platforms.Build.0 = Release|Win32
		{4D00D6F9-C15D-49FD-897E-D28071B5B020}.Release|Win32.ActiveCfg = Release|Win32
		{4D00D6F9-C15D-49FD-897E-D28071B5B020}.Release|Win32.Build.0 = Release|Win32
		{4D00D6F9-C15D-49FD-897E-D28071B5B020}.Release|x64.ActiveCfg = Release|x64
		{4D00D6F9-C15D-49FD-897E-D28071B5B020}.Release|x64.Build.0 = Release|x64
		{5A4ACDA7-A031-46F8-9235-C46063E35D53}.Debug|Any CPU.ActiveCfg = Debug|Win32
		{5A4ACDA7-A031-46F8-9235-C46063E35D53}.Debug|Mixed Platforms.ActiveCfg = Debug|Win32
		{5A4ACDA7-A031-46F8-9235-C46063E35D53}.Debug|Mixed Platforms.Build.0 = Debug|Win32
		{5A4ACDA7-A031-46F8-9235-C46063E35D53}.Debug|Win32.ActiveCfg = Debug|Win32
		{5A4ACDA7-A031-46F8-9235-C46063E35D53}.Debug|Win32.Build.0 = Debug|Win32
		{5A4ACDA7-A031-46F8-9235-C46063E35D53}.Debug|x64.ActiveCfg = Debug|x64
		{5A4ACDA7-A031-46F8-9235-C46063E35D53}.Debug|x64.Build.0 = Debug|x64
		{5A4ACDA7-A031-46F8-9235-C46063E35D53}.Release|Any CPU.ActiveCfg = Release|Win32
		{5A4ACDA7-A031-46F8-9235-C46063E35D53}.Release|Mixed Platforms.ActiveCfg = Release|Win32
		{5A4ACDA7-A031-46F8-9235-C46063E35D53}.Release|Mixed Platforms.Build.0 = Release|Win32
		{5A4ACDA7-A031-46F8-9235-C46063E35D53}.Release|Win32.ActiveCfg = Release|Win32
		{5A4ACDA7-A031-46F8-9235-C46063E35D53}.Release|Win32.Build.0 = Release|Win32
		{5A4ACDA7-A031-46F8-9235-C46063E35D53}.Release|x64.ActiveCfg = Release|x64
		{5A4ACDA7-A031-46F8-9235-C46063E35D53}.Release|x64.Build.0 = Release|x64
		{4C2D247D-E100-4F2C-A2F8-8472C109E815}.Debug|Any CPU.ActiveCfg = Debug|Win32
		{4C2D247D-E100-4F2C-A2F8-8472C109E815}.Debug|Mixed Platforms.ActiveCfg = Debug|Win32
		{4C2D247D-E100-4F2C-A2F8-8472C109E815}.Debug|Mixed Platforms.Build.0 = Debug|Win32
		{4C2D247D-E100-4F2C-A2F8-8472C109E815}.Debug|Win32.ActiveCfg = Debug|Win32
		{4C2D247D-E100-4F2C-A2F8-8472C109E815}.Debug|Win32.Build.0 = Debug|Win32
		{4C2D247D-E100-4F2C-A2F8-8472C109E815}.Debug|x64.ActiveCfg = Debug|x64
		{4C2D247D-E100-4F2C-A2F8-8472C109E815}.Debug|x64.Build.0 = Debug|x64
		{4C2D247D-E100-4F2C-A2F8-8472C109E815}.Release|Any CPU.ActiveCfg = Release|Win32
		{4C2D247D-E100-4F2C-A2F8-8472C109E815}.Release|Mixed Platforms.ActiveCfg = Release|Win32
		{4C2D247D-E100-4F2C-A2F8-8472C109E815}.Release|Mixed Platforms.Build.0 = Release|Win32
		{4C2D247D-E100-4F2C-A2F8-8472C109E815}.Release|Win32.ActiveCfg = Release|Win32
		{4C2D247D-E100-4F2C-A2F8-8472C109E815}.Release|Win32.Build.0 = Release|Win32
		{4C2D247D-E100-4F2C-A2F8-8472C109E815}.Release|x64.ActiveCfg = Release|x64
		{4C2D247D-E100-4F2C-A2F8-8472C109E815}.Release|x64.Build.0 = Release|x64
	EndGlobalSection
	GlobalSection(SolutionProperties) = preSolution
		HideSolutionNode = FALSE
	EndGlobalSection
	GlobalSection(ExtensibilityGlobals) = postSolution
		SolutionGuid = {D7C48689-189F-41B0-9E0E-5790035CAF4A}
	EndGlobalSection
EndGlobal
